github.com/boltdb/bolt v1.3.1 h1:JQmyP4ZBrce+ZQu0dY660FMfatumYDLun9hBCUVIkF4=
github.com/boltdb/bolt v1.3.1/go.mod h1:clJnj/oiGkjum5o1McbSZDSLxVThjynRyGBgiAx27Ps=
github.com/btcsuite/golangcrypto v0.0.0-20150304025918-53f62d9b43e8 h1:nOsAWScwueMVk/VLm/dvQQD7DuanyvAUb6B3P3eT274=
github.com/btcsuite/golangcrypto v0.0.0-20150304025918-53f62d9b43e8/go.mod h1:tYvUd8KLhm/oXvUeSEs2VlLghFjQt9+ZaF9ghH0JNjc=
golang.org/x/sys v0.15.0 h1:h48lPFYpsTvQJZF4EKyI4aLHaev3CxivZmv7yZig9pc=
golang.org/x/sys v0.15.0/go.mod h1:/VUhepiaJMQUp4+oa/7Zr1D23ma6VTLIYjOOTFZPUcA=
